{
  "name": "image-auditor",
  "version": "1.0.0",
  "lockfileVersion": 1,
  "requires": true,
  "dependencies": {
    "dgram": {
      "version": "1.0.1",
      "resolved": "https://registry.npmjs.org/dgram/-/dgram-1.0.1.tgz",
      "integrity": "sha1-N/OyAPgDOl/3WTAwicgc42G2UcM="
    },
    "moment": {
      "version": "2.29.1",
      "resolved": "https://registry.npmjs.org/moment/-/moment-2.29.1.tgz",
      "integrity": "sha512-kHmoybcPV8Sqy59DwNDY3Jefr64lK/by/da0ViFcuA4DH0vQg5Q6Ze5VimxkfQNSC+Mls/Kx53s7TjP1RhFEDQ=="
    },
    "net": {
      "version": "1.0.2",
      "resolved": "https://registry.npmjs.org/net/-/net-1.0.2.tgz",
      "integrity": "sha1-0XV+yaf7I3HYPPR1XOPifhCCk4g="
    }
  }
}
